
Microsoft Visual Studio Solution File, Format Version 12.00
# Visual Studio Version 16
VisualStudioVersion = 16.0.31005.135
MinimumVisualStudioVersion = 10.0.40219.1
Project("{9A19103F-16F7-4668-BE54-9A1E7A4F7556}") = "Dilmara", "Dilmara\Dilmara.csproj", "{C8E1D08B-2708-43B9-BBAE-7AE05ACF6585}"
EndProject
Global
	GlobalSection(SolutionConfigurationPlatforms) = preSolution
		Debug|Any CPU = Debug|Any CPU
		Release|Any CPU = Release|Any CPU
	EndGlobalSection
	GlobalSection(ProjectConfigurationPlatforms) = postSolution
		{C8E1D08B-2708-43B9-BBAE-7AE05ACF6585}.Debug|Any CPU.ActiveCfg = Debug|Any CPU
		{C8E1D08B-2708-43B9-BBAE-7AE05ACF6585}.Debug|Any CPU.Build.0 = Debug|Any CPU
		{C8E1D08B-2708-43B9-BBAE-7AE05ACF6585}.Release|Any CPU.ActiveCfg = Release|Any CPU
		{C8E1D08B-2708-43B9-BBAE-7AE05ACF6585}.Release|Any CPU.Build.0 = Release|Any CPU
	EndGlobalSection
	GlobalSection(SolutionProperties) = preSolution
		HideSolutionNode = FALSE
	EndGlobalSection
	GlobalSection(ExtensibilityGlobals) = postSolution
		SolutionGuid = {4B817A99-DBA3-4655-8EE5-FBCC0CEABABE}
	EndGlobalSection
EndGlobal
